
Microsoft Visual Studio Solution File, Format Version 12.00
# Visual Studio Version 17
VisualStudioVersion = 17.0.31903.59
MinimumVisualStudioVersion = 10.0.40219.1
Project("{2150E333-8FDC-42A3-9474-1A3956D46DE8}") = "src", "src", "{827E0CD3-B72D-47B6-A68D-7590B98EB39B}"
EndProject
Project("{FAE04EC0-301F-11D3-BF4B-00C04F79EFBC}") = "GK.Talks.Api", "src\GK.Talks.Api\GK.Talks.Api.csproj", "{BF3DF82F-491F-4C10-9F29-D0D2C11E2292}"
EndProject
Project("{2150E333-8FDC-42A3-9474-1A3956D46DE8}") = "tests", "tests", "{0AB3BF05-4346-4AA6-1389-037BE0695223}"
EndProject
Project("{FAE04EC0-301F-11D3-BF4B-00C04F79EFBC}") = "GK.Talks.Tests", "tests\GK.Talks.Tests\GK.Talks.Tests.csproj", "{9E9B1D65-90D3-4994-A326-EBC4053F5031}"
EndProject
Project("{FAE04EC0-301F-11D3-BF4B-00C04F79EFBC}") = "GK.Talks.Infrastructure", "src\GK.Talks.Infrastructure\GK.Talks.Infrastructure.csproj", "{D20BB58B-1309-4576-9F43-3AA03E6F16EC}"
EndProject
Project("{FAE04EC0-301F-11D3-BF4B-00C04F79EFBC}") = "GK.Talks.Application", "src\GK.Talks.Application\GK.Talks.Application.csproj", "{2F43D266-E052-4EC1-844C-AABEB79042B3}"
EndProject
Project("{FAE04EC0-301F-11D3-BF4B-00C04F79EFBC}") = "GK.Talks.Core", "src\GK.Talks.Core\GK.Talks.Core.csproj", "{63DB9908-092F-4AD2-ADFD-59155BE0BB2E}"
EndProject
Global
	GlobalSection(SolutionConfigurationPlatforms) = preSolution
		Debug|Any CPU = Debug|Any CPU
		Debug|x64 = Debug|x64
		Debug|x86 = Debug|x86
		Release|Any CPU = Release|Any CPU
		Release|x64 = Release|x64
		Release|x86 = Release|x86
	EndGlobalSection
	GlobalSection(ProjectConfigurationPlatforms) = postSolution
		{BF3DF82F-491F-4C10-9F29-D0D2C11E2292}.Debug|Any CPU.ActiveCfg = Debug|Any CPU
		{BF3DF82F-491F-4C10-9F29-D0D2C11E2292}.Debug|Any CPU.Build.0 = Debug|Any CPU
		{BF3DF82F-491F-4C10-9F29-D0D2C11E2292}.Debug|x64.ActiveCfg = Debug|Any CPU
		{BF3DF82F-491F-4C10-9F29-D0D2C11E2292}.Debug|x64.Build.0 = Debug|Any CPU
		{BF3DF82F-491F-4C10-9F29-D0D2C11E2292}.Debug|x86.ActiveCfg = Debug|Any CPU
		{BF3DF82F-491F-4C10-9F29-D0D2C11E2292}.Debug|x86.Build.0 = Debug|Any CPU
		{BF3DF82F-491F-4C10-9F29-D0D2C11E2292}.Release|Any CPU.ActiveCfg = Release|Any CPU
		{BF3DF82F-491F-4C10-9F29-D0D2C11E2292}.Release|Any CPU.Build.0 = Release|Any CPU
		{BF3DF82F-491F-4C10-9F29-D0D2C11E2292}.Release|x64.ActiveCfg = Release|Any CPU
		{BF3DF82F-491F-4C10-9F29-D0D2C11E2292}.Release|x64.Build.0 = Release|Any CPU
		{BF3DF82F-491F-4C10-9F29-D0D2C11E2292}.Release|x86.ActiveCfg = Release|Any CPU
		{BF3DF82F-491F-4C10-9F29-D0D2C11E2292}.Release|x86.Build.0 = Release|Any CPU
		{9E9B1D65-90D3-4994-A326-EBC4053F5031}.Debug|Any CPU.ActiveCfg = Debug|Any CPU
		{9E9B1D65-90D3-4994-A326-EBC4053F5031}.Debug|Any CPU.Build.0 = Debug|Any CPU
		{9E9B1D65-90D3-4994-A326-EBC4053F5031}.Debug|x64.ActiveCfg = Debug|Any CPU
		{9E9B1D65-90D3-4994-A326-EBC4053F5031}.Debug|x64.Build.0 = Debug|Any CPU
		{9E9B1D65-90D3-4994-A326-EBC4053F5031}.Debug|x86.ActiveCfg = Debug|Any CPU
		{9E9B1D65-90D3-4994-A326-EBC4053F5031}.Debug|x86.Build.0 = Debug|Any CPU
		{9E9B1D65-90D3-4994-A326-EBC4053F5031}.Release|Any CPU.ActiveCfg = Release|Any CPU
		{9E9B1D65-90D3-4994-A326-EBC4053F5031}.Release|Any CPU.Build.0 = Release|Any CPU
		{9E9B1D65-90D3-4994-A326-EBC4053F5031}.Release|x64.ActiveCfg = Release|Any CPU
		{9E9B1D65-90D3-4994-A326-EBC4053F5031}.Release|x64.Build.0 = Release|Any CPU
		{9E9B1D65-90D3-4994-A326-EBC4053F5031}.Release|x86.ActiveCfg = Release|Any CPU
		{9E9B1D65-90D3-4994-A326-EBC4053F5031}.Release|x86.Build.0 = Release|Any CPU
		{D20BB58B-1309-4576-9F43-3AA03E6F16EC}.Debug|Any CPU.ActiveCfg = Debug|Any CPU
		{D20BB58B-1309-4576-9F43-3AA03E6F16EC}.Debug|Any CPU.Build.0 = Debug|Any CPU
		{D20BB58B-1309-4576-9F43-3AA03E6F16EC}.Debug|x64.ActiveCfg = Debug|Any CPU
		{D20BB58B-1309-4576-9F43-3AA03E6F16EC}.Debug|x64.Build.0 = Debug|Any CPU
		{D20BB58B-1309-4576-9F43-3AA03E6F16EC}.Debug|x86.ActiveCfg = Debug|Any CPU
		{D20BB58B-1309-4576-9F43-3AA03E6F16EC}.Debug|x86.Build.0 = Debug|Any CPU
		{D20BB58B-1309-4576-9F43-3AA03E6F16EC}.Release|Any CPU.ActiveCfg = Release|Any CPU
		{D20BB58B-1309-4576-9F43-3AA03E6F16EC}.Release|Any CPU.Build.0 = Release|Any CPU
		{D20BB58B-1309-4576-9F43-3AA03E6F16EC}.Release|x64.ActiveCfg = Release|Any CPU
		{D20BB58B-1309-4576-9F43-3AA03E6F16EC}.Release|x64.Build.0 = Release|Any CPU
		{D20BB58B-1309-4576-9F43-3AA03E6F16EC}.Release|x86.ActiveCfg = Release|Any CPU
		{D20BB58B-1309-4576-9F43-3AA03E6F16EC}.Release|x86.Build.0 = Release|Any CPU
		{2F43D266-E052-4EC1-844C-AABEB79042B3}.Debug|Any CPU.ActiveCfg = Debug|Any CPU
		{2F43D266-E052-4EC1-844C-AABEB79042B3}.Debug|Any CPU.Build.0 = Debug|Any CPU
		{2F43D266-E052-4EC1-844C-AABEB79042B3}.Debug|x64.ActiveCfg = Debug|Any CPU
		{2F43D266-E052-4EC1-844C-AABEB79042B3}.Debug|x64.Build.0 = Debug|Any CPU
		{2F43D266-E052-4EC1-844C-AABEB79042B3}.Debug|x86.ActiveCfg = Debug|Any CPU
		{2F43D266-E052-4EC1-844C-AABEB79042B3}.Debug|x86.Build.0 = Debug|Any CPU
		{2F43D266-E052-4EC1-844C-AABEB79042B3}.Release|Any CPU.ActiveCfg = Release|Any CPU
		{2F43D266-E052-4EC1-844C-AABEB79042B3}.Release|Any CPU.Build.0 = Release|Any CPU
		{2F43D266-E052-4EC1-844C-AABEB79042B3}.Release|x64.ActiveCfg = Release|Any CPU
		{2F43D266-E052-4EC1-844C-AABEB79042B3}.Release|x64.Build.0 = Release|Any CPU
		{2F43D266-E052-4EC1-844C-AABEB79042B3}.Release|x86.ActiveCfg = Release|Any CPU
		{2F43D266-E052-4EC1-844C-AABEB79042B3}.Release|x86.Build.0 = Release|Any CPU
		{63DB9908-092F-4AD2-ADFD-59155BE0BB2E}.Debug|Any CPU.ActiveCfg = Debug|Any CPU
		{63DB9908-092F-4AD2-ADFD-59155BE0BB2E}.Debug|Any CPU.Build.0 = Debug|Any CPU
		{63DB9908-092F-4AD2-ADFD-59155BE0BB2E}.Debug|x64.ActiveCfg = Debug|Any CPU
		{63DB9908-092F-4AD2-ADFD-59155BE0BB2E}.Debug|x64.Build.0 = Debug|Any CPU
		{63DB9908-092F-4AD2-ADFD-59155BE0BB2E}.Debug|x86.ActiveCfg = Debug|Any CPU
		{63DB9908-092F-4AD2-ADFD-59155BE0BB2E}.Debug|x86.Build.0 = Debug|Any CPU
		{63DB9908-092F-4AD2-ADFD-59155BE0BB2E}.Release|Any CPU.ActiveCfg = Release|Any CPU
		{63DB9908-092F-4AD2-ADFD-59155BE0BB2E}.Release|Any CPU.Build.0 = Release|Any CPU
		{63DB9908-092F-4AD2-ADFD-59155BE0BB2E}.Release|x64.ActiveCfg = Release|Any CPU
		{63DB9908-092F-4AD2-ADFD-59155BE0BB2E}.Release|x64.Build.0 = Release|Any CPU
		{63DB9908-092F-4AD2-ADFD-59155BE0BB2E}.Release|x86.ActiveCfg = Release|Any CPU
		{63DB9908-092F-4AD2-ADFD-59155BE0BB2E}.Release|x86.Build.0 = Release|Any CPU
	EndGlobalSection
	GlobalSection(SolutionProperties) = preSolution
		HideSolutionNode = FALSE
	EndGlobalSection
	GlobalSection(NestedProjects) = preSolution
		{BF3DF82F-491F-4C10-9F29-D0D2C11E2292} = {827E0CD3-B72D-47B6-A68D-7590B98EB39B}
		{9E9B1D65-90D3-4994-A326-EBC4053F5031} = {0AB3BF05-4346-4AA6-1389-037BE0695223}
		{D20BB58B-1309-4576-9F43-3AA03E6F16EC} = {827E0CD3-B72D-47B6-A68D-7590B98EB39B}
		{2F43D266-E052-4EC1-844C-AABEB79042B3} = {827E0CD3-B72D-47B6-A68D-7590B98EB39B}
		{63DB9908-092F-4AD2-ADFD-59155BE0BB2E} = {827E0CD3-B72D-47B6-A68D-7590B98EB39B}
	EndGlobalSection
EndGlobal
